// !$*UTF8*$!
{
	archiveVersion = 1;
	classes = {
	};
	objectVersion = 46;
	objects = {

/* Begin PBXBuildFile section */
		707826B31BBC319000D908BB /* Snowman_00_00.png in Resources */ = {isa = PBXBuildFile; fileRef = 707826731BBC319000D908BB /* Snowman_00_00.png */; settings = {ASSET_TAGS = (); }; };
		707826B41BBC319000D908BB /* Snowman_00_01.png in Resources */ = {isa = PBXBuildFile; fileRef = 707826741BBC319000D908BB /* Snowman_00_01.png */; settings = {ASSET_TAGS = (); }; };
		707826B51BBC319000D908BB /* Snowman_00_02.png in Resources */ = {isa = PBXBuildFile; fileRef = 707826751BBC319000D908BB /* Snowman_00_02.png */; settings = {ASSET_TAGS = (); }; };
		707826B61BBC319000D908BB /* Snowman_00_03.png in Resources */ = {isa = PBXBuildFile; fileRef = 707826761BBC319000D908BB /* Snowman_00_03.png */; settings = {ASSET_TAGS = (); }; };
		707826B71BBC319000D908BB /* Snowman_00_04.png in Resources */ = {isa = PBXBuildFile; fileRef = 707826771BBC319000D908BB /* Snowman_00_04.png */; settings = {ASSET_TAGS = (); }; };
		707826B81BBC319000D908BB /* Snowman_00_05.png in Resources */ = {isa = PBXBuildFile; fileRef = 707826781BBC319000D908BB /* Snowman_00_05.png */; settings = {ASSET_TAGS = (); }; };
		707826B91BBC319000D908BB /* Snowman_00_06.png in Resources */ = {isa = PBXBuildFile; fileRef = 707826791BBC319000D908BB /* Snowman_00_06.png */; settings = {ASSET_TAGS = (); }; };
		707826BA1BBC319000D908BB /* Snowman_00_07.png in Resources */ = {isa = PBXBuildFile; fileRef = 7078267A1BBC319000D908BB /* Snowman_00_07.png */; settings = {ASSET_TAGS = (); }; };
		707826BB1BBC319000D908BB /* Snowman_01_00.png in Resources */ = {isa = PBXBuildFile; fileRef = 7078267B1BBC319000D908BB /* Snowman_01_00.png */; settings = {ASSET_TAGS = (); }; };
		707826BC1BBC319000D908BB /* Snowman_01_01.png in Resources */ = {isa = PBXBuildFile; fileRef = 7078267C1BBC319000D908BB /* Snowman_01_01.png */; settings = {ASSET_TAGS = (); }; };
		707826BD1BBC319000D908BB /* Snowman_01_02.png in Resources */ = {isa = PBXBuildFile; fileRef = 7078267D1BBC319000D908BB /* Snowman_01_02.png */; settings = {ASSET_TAGS = (); }; };
		707826BE1BBC319000D908BB /* Snowman_01_03.png in Resources */ = {isa = PBXBuildFile; fileRef = 7078267E1BBC319000D908BB /* Snowman_01_03.png */; settings = {ASSET_TAGS = (); }; };
		707826BF1BBC319000D908BB /* Snowman_01_04.png in Resources */ = {isa = PBXBuildFile; fileRef = 7078267F1BBC319000D908BB /* Snowman_01_04.png */; settings = {ASSET_TAGS = (); }; };
		707826C01BBC319000D908BB /* Snowman_01_05.png in Resources */ = {isa = PBXBuildFile; fileRef = 707826801BBC319000D908BB /* Snowman_01_05.png */; settings = {ASSET_TAGS = (); }; };
		707826C11BBC319000D908BB /* Snowman_01_06.png in Resources */ = {isa = PBXBuildFile; fileRef = 707826811BBC319000D908BB /* Snowman_01_06.png */; settings = {ASSET_TAGS = (); }; };
		707826C21BBC319000D908BB /* Snowman_01_07.png in Resources */ = {isa = PBXBuildFile; fileRef = 707826821BBC319000D908BB /* Snowman_01_07.png */; settings = {ASSET_TAGS = (); }; };
		707826C31BBC319000D908BB /* Snowman_02_00.png in Resources */ = {isa = PBXBuildFile; fileRef = 707826831BBC319000D908BB /* Snowman_02_00.png */; settings = {ASSET_TAGS = (); }; };
		707826C41BBC319000D908BB /* Snowman_02_01.png in Resources */ = {isa = PBXBuildFile; fileRef = 707826841BBC319000D908BB /* Snowman_02_01.png */; settings = {ASSET_TAGS = (); }; };
		707826C51BBC319000D908BB /* Snowman_02_02.png in Resources */ = {isa = PBXBuildFile; fileRef = 707826851BBC319000D908BB /* Snowman_02_02.png */; settings = {ASSET_TAGS = (); }; };
		707826C61BBC319000D908BB /* Snowman_02_03.png in Resources */ = {isa = PBXBuildFile; fileRef = 707826861BBC319000D908BB /* Snowman_02_03.png */; settings = {ASSET_TAGS = (); }; };
		707826C71BBC319000D908BB /* Snowman_02_04.png in Resources */ = {isa = PBXBuildFile; fileRef = 707826871BBC319000D908BB /* Snowman_02_04.png */; settings = {ASSET_TAGS = (); }; };
		707826C81BBC319000D908BB /* Snowman_02_05.png in Resources */ = {isa = PBXBuildFile; fileRef = 707826881BBC319000D908BB /* Snowman_02_05.png */; settings = {ASSET_TAGS = (); }; };
		707826C91BBC319000D908BB /* Snowman_02_06.png in Resources */ = {isa = PBXBuildFile; fileRef = 707826891BBC319000D908BB /* Snowman_02_06.png */; settings = {ASSET_TAGS = (); }; };
		707826CA1BBC319000D908BB /* Snowman_02_07.png in Resources */ = {isa = PBXBuildFile; fileRef = 7078268A1BBC319000D908BB /* Snowman_02_07.png */; settings = {ASSET_TAGS = (); }; };
		707826CB1BBC319000D908BB /* Snowman_03_00.png in Resources */ = {isa = PBXBuildFile; fileRef = 7078268B1BBC319000D908BB /* Snowman_03_00.png */; settings = {ASSET_TAGS = (); }; };
		707826CC1BBC319000D908BB /* Snowman_03_01.png in Resources */ = {isa = PBXBuildFile; fileRef = 7078268C1BBC319000D908BB /* Snowman_03_01.png */; settings = {ASSET_TAGS = (); }; };
		707826CD1BBC319000D908BB /* Snowman_03_02.png in Resources */ = {isa = PBXBuildFile; fileRef = 7078268D1BBC319000D908BB /* Snowman_03_02.png */; settings = {ASSET_TAGS = (); }; };
		707826CE1BBC319000D908BB /* Snowman_03_03.png in Resources */ = {isa = PBXBuildFile; fileRef = 7078268E1BBC319000D908BB /* Snowman_03_03.png */; settings = {ASSET_TAGS = (); }; };
		707826CF1BBC319000D908BB /* Snowman_03_04.png in Resources */ = {isa = PBXBuildFile; fileRef = 7078268F1BBC319000D908BB /* Snowman_03_04.png */; settings = {ASSET_TAGS = (); }; };
		707826D01BBC319000D908BB /* Snowman_03_05.png in Resources */ = {isa = PBXBuildFile; fileRef = 707826901BBC319000D908BB /* Snowman_03_05.png */; settings = {ASSET_TAGS = (); }; };
		707826D11BBC319000D908BB /* Snowman_03_06.png in Resources */ = {isa = PBXBuildFile; fileRef = 707826911BBC319000D908BB /* Snowman_03_06.png */; settings = {ASSET_TAGS = (); }; };
		707826D21BBC319000D908BB /* Snowman_03_07.png in Resources */ = {isa = PBXBuildFile; fileRef = 707826921BBC319000D908BB /* Snowman_03_07.png */; settings = {ASSET_TAGS = (); }; };
		707826D31BBC319000D908BB /* Snowman_04_00.png in Resources */ = {isa = PBXBuildFile; fileRef = 707826931BBC319000D908BB /* Snowman_04_00.png */; settings = {ASSET_TAGS = (); }; };
		707826D41BBC319000D908BB /* Snowman_04_01.png in Resources */ = {isa = PBXBuildFile; fileRef = 707826941BBC319000D908BB /* Snowman_04_01.png */; settings = {ASSET_TAGS = (); }; };
		707826D51BBC319000D908BB /* Snowman_04_02.png in Resources */ = {isa = PBXBuildFile; fileRef = 707826951BBC319000D908BB /* Snowman_04_02.png */; settings = {ASSET_TAGS = (); }; };
		707826D61BBC319000D908BB /* Snowman_04_03.png in Resources */ = {isa = PBXBuildFile; fileRef = 707826961BBC319000D908BB /* Snowman_04_03.png */; settings = {ASSET_TAGS = (); }; };
		707826D71BBC319000D908BB /* Snowman_04_04.png in Resources */ = {isa = PBXBuildFile; fileRef = 707826971BBC319000D908BB /* Snowman_04_04.png */; settings = {ASSET_TAGS = (); }; };
		707826D81BBC319000D908BB /* Snowman_04_05.png in Resources */ = {isa = PBXBuildFile; fileRef = 707826981BBC319000D908BB /* Snowman_04_05.png */; settings = {ASSET_TAGS = (); }; };
		707826D91BBC319000D908BB /* Snowman_04_06.png in Resources */ = {isa = PBXBuildFile; fileRef = 707826991BBC319000D908BB /* Snowman_04_06.png */; settings = {ASSET_TAGS = (); }; };
		707826DA1BBC319000D908BB /* Snowman_04_07.png in Resources */ = {isa = PBXBuildFile; fileRef = 7078269A1BBC319000D908BB /* Snowman_04_07.png */; settings = {ASSET_TAGS = (); }; };
		707826DB1BBC319000D908BB /* Snowman_05_00.png in Resources */ = {isa = PBXBuildFile; fileRef = 7078269B1BBC319000D908BB /* Snowman_05_00.png */; settings = {ASSET_TAGS = (); }; };
		707826DC1BBC319000D908BB /* Snowman_05_01.png in Resources */ = {isa = PBXBuildFile; fileRef = 7078269C1BBC319000D908BB /* Snowman_05_01.png */; settings = {ASSET_TAGS = (); }; };
		707826DD1BBC319000D908BB /* Snowman_05_02.png in Resources */ = {isa = PBXBuildFile; fileRef = 7078269D1BBC319000D908BB /* Snowman_05_02.png */; settings = {ASSET_TAGS = (); }; };
		707826DE1BBC319000D908BB /* Snowman_05_03.png in Resources */ = {isa = PBXBuildFile; fileRef = 7078269E1BBC319000D908BB /* Snowman_05_03.png */; settings = {ASSET_TAGS = (); }; };
		707826DF1BBC319000D908BB /* Snowman_05_04.png in Resources */ = {isa = PBXBuildFile; fileRef = 7078269F1BBC319000D908BB /* Snowman_05_04.png */; settings = {ASSET_TAGS = (); }; };
		707826E01BBC319000D908BB /* Snowman_05_05.png in Resources */ = {isa = PBXBuildFile; fileRef = 707826A01BBC319000D908BB /* Snowman_05_05.png */; settings = {ASSET_TAGS = (); }; };
		707826E11BBC319000D908BB /* Snowman_05_06.png in Resources */ = {isa = PBXBuildFile; fileRef = 707826A11BBC319000D908BB /* Snowman_05_06.png */; settings = {ASSET_TAGS = (); }; };
		707826E21BBC319000D908BB /* Snowman_05_07.png in Resources */ = {isa = PBXBuildFile; fileRef = 707826A21BBC319000D908BB /* Snowman_05_07.png */; settings = {ASSET_TAGS = (); }; };
		707826E31BBC319000D908BB /* Snowman_06_00.png in Resources */ = {isa = PBXBuildFile; fileRef = 707826A31BBC319000D908BB /* Snowman_06_00.png */; settings = {ASSET_TAGS = (); }; };
		707826E41BBC319000D908BB /* Snowman_06_01.png in Resources */ = {isa = PBXBuildFile; fileRef = 707826A41BBC319000D908BB /* Snowman_06_01.png */; settings = {ASSET_TAGS = (); }; };
		707826E51BBC319000D908BB /* Snowman_06_02.png in Resources */ = {isa = PBXBuildFile; fileRef = 707826A51BBC319000D908BB /* Snowman_06_02.png */; settings = {ASSET_TAGS = (); }; };
		707826E61BBC319000D908BB /* Snowman_06_03.png in Resources */ = {isa = PBXBuildFile; fileRef = 707826A61BBC319000D908BB /* Snowman_06_03.png */; settings = {ASSET_TAGS = (); }; };
		707826E71BBC319000D908BB /* Snowman_06_04.png in Resources */ = {isa = PBXBuildFile; fileRef = 707826A71BBC319000D908BB /* Snowman_06_04.png */; settings = {ASSET_TAGS = (); }; };
		707826E81BBC319000D908BB /* Snowman_06_05.png in Resources */ = {isa = PBXBuildFile; fileRef = 707826A81BBC319000D908BB /* Snowman_06_05.png */; settings = {ASSET_TAGS = (); }; };
		707826E91BBC319000D908BB /* Snowman_06_06.png in Resources */ = {isa = PBXBuildFile; fileRef = 707826A91BBC319000D908BB /* Snowman_06_06.png */; settings = {ASSET_TAGS = (); }; };
		707826EA1BBC319000D908BB /* Snowman_06_07.png in Resources */ = {isa = PBXBuildFile; fileRef = 707826AA1BBC319000D908BB /* Snowman_06_07.png */; settings = {ASSET_TAGS = (); }; };
		707826EB1BBC319000D908BB /* Snowman_07_00.png in Resources */ = {isa = PBXBuildFile; fileRef = 707826AB1BBC319000D908BB /* Snowman_07_00.png */; settings = {ASSET_TAGS = (); }; };
		707826EC1BBC319000D908BB /* Snowman_07_01.png in Resources */ = {isa = PBXBuildFile; fileRef = 707826AC1BBC319000D908BB /* Snowman_07_01.png */; settings = {ASSET_TAGS = (); }; };
		707826ED1BBC319000D908BB /* Snowman_07_02.png in Resources */ = {isa = PBXBuildFile; fileRef = 707826AD1BBC319000D908BB /* Snowman_07_02.png */; settings = {ASSET_TAGS = (); }; };
		707826EE1BBC319000D908BB /* Snowman_07_03.png in Resources */ = {isa = PBXBuildFile; fileRef = 707826AE1BBC319000D908BB /* Snowman_07_03.png */; settings = {ASSET_TAGS = (); }; };
		707826EF1BBC319000D908BB /* Snowman_07_04.png in Resources */ = {isa = PBXBuildFile; fileRef = 707826AF1BBC319000D908BB /* Snowman_07_04.png */; settings = {ASSET_TAGS = (); }; };
		707826F01BBC319000D908BB /* Snowman_07_05.png in Resources */ = {isa = PBXBuildFile; fileRef = 707826B01BBC319000D908BB /* Snowman_07_05.png */; settings = {ASSET_TAGS = (); }; };
		707826F11BBC319000D908BB /* Snowman_07_06.png in Resources */ = {isa = PBXBuildFile; fileRef = 707826B11BBC319000D908BB /* Snowman_07_06.png */; settings = {ASSET_TAGS = (); }; };
		707826F21BBC319000D908BB /* Snowman_07_07.png in Resources */ = {isa = PBXBuildFile; fileRef = 707826B21BBC319000D908BB /* Snowman_07_07.png */; settings = {ASSET_TAGS = (); }; };
		708AD9B01BBAF1F900C8AFE8 /* main.m in Sources */ = {isa = PBXBuildFile; fileRef = 708AD9AF1BBAF1F900C8AFE8 /* main.m */; };
		708AD9B31BBAF1F900C8AFE8 /* AppDelegate.m in Sources */ = {isa = PBXBuildFile; fileRef = 708AD9B21BBAF1F900C8AFE8 /* AppDelegate.m */; };
		708AD9B61BBAF1F900C8AFE8 /* ViewController.m in Sources */ = {isa = PBXBuildFile; fileRef = 708AD9B51BBAF1F900C8AFE8 /* ViewController.m */; };
		708AD9B91BBAF1F900C8AFE8 /* Main.storyboard in Resources */ = {isa = PBXBuildFile; fileRef = 708AD9B71BBAF1F900C8AFE8 /* Main.storyboard */; };
		708AD9BB1BBAF1F900C8AFE8 /* Assets.xcassets in Resources */ = {isa = PBXBuildFile; fileRef = 708AD9BA1BBAF1F900C8AFE8 /* Assets.xcassets */; };
		708AD9BE1BBAF1F900C8AFE8 /* LaunchScreen.storyboard in Resources */ = {isa = PBXBuildFile; fileRef = 708AD9BC1BBAF1F900C8AFE8 /* LaunchScreen.storyboard */; };
/* End PBXBuildFile section */

/* Begin PBXFileReference section */
		707826731BBC319000D908BB /* Snowman_00_00.png */ = {isa = PBXFileReference; lastKnownFileType = image.png; path = Snowman_00_00.png; sourceTree = "<group>"; };
		707826741BBC319000D908BB /* Snowman_00_01.png */ = {isa = PBXFileReference; lastKnownFileType = image.png; path = Snowman_00_01.png; sourceTree = "<group>"; };
		707826751BBC319000D908BB /* Snowman_00_02.png */ = {isa = PBXFileReference; lastKnownFileType = image.png; path = Snowman_00_02.png; sourceTree = "<group>"; };
		707826761BBC319000D908BB /* Snowman_00_03.png */ = {isa = PBXFileReference; lastKnownFileType = image.png; path = Snowman_00_03.png; sourceTree = "<group>"; };
		707826771BBC319000D908BB /* Snowman_00_04.png */ = {isa = PBXFileReference; lastKnownFileType = image.png; path = Snowman_00_04.png; sourceTree = "<group>"; };
		707826781BBC319000D908BB /* Snowman_00_05.png */ = {isa = PBXFileReference; lastKnownFileType = image.png; path = Snowman_00_05.png; sourceTree = "<group>"; };
		707826791BBC319000D908BB /* Snowman_00_06.png */ = {isa = PBXFileReference; lastKnownFileType = image.png; path = Snowman_00_06.png; sourceTree = "<group>"; };
		7078267A1BBC319000D908BB /* Snowman_00_07.png */ = {isa = PBXFileReference; lastKnownFileType = image.png; path = Snowman_00_07.png; sourceTree = "<group>"; };
		7078267B1BBC319000D908BB /* Snowman_01_00.png */ = {isa = PBXFileReference; lastKnownFileType = image.png; path = Snowman_01_00.png; sourceTree = "<group>"; };
		7078267C1BBC319000D908BB /* Snowman_01_01.png */ = {isa = PBXFileReference; lastKnownFileType = image.png; path = Snowman_01_01.png; sourceTree = "<group>"; };
		7078267D1BBC319000D908BB /* Snowman_01_02.png */ = {isa = PBXFileReference; lastKnownFileType = image.png; path = Snowman_01_02.png; sourceTree = "<group>"; };
		7078267E1BBC319000D908BB /* Snowman_01_03.png */ = {isa = PBXFileReference; lastKnownFileType = image.png; path = Snowman_01_03.png; sourceTree = "<group>"; };
		7078267F1BBC319000D908BB /* Snowman_01_04.png */ = {isa = PBXFileReference; lastKnownFileType = image.png; path = Snowman_01_04.png; sourceTree = "<group>"; };
		707826801BBC319000D908BB /* Snowman_01_05.png */ = {isa = PBXFileReference; lastKnownFileType = image.png; path = Snowman_01_05.png; sourceTree = "<group>"; };
		707826811BBC319000D908BB /* Snowman_01_06.png */ = {isa = PBXFileReference; lastKnownFileType = image.png; path = Snowman_01_06.png; sourceTree = "<group>"; };
		707826821BBC319000D908BB /* Snowman_01_07.png */ = {isa = PBXFileReference; lastKnownFileType = image.png; path = Snowman_01_07.png; sourceTree = "<group>"; };
		707826831BBC319000D908BB /* Snowman_02_00.png */ = {isa = PBXFileReference; lastKnownFileType = image.png; path = Snowman_02_00.png; sourceTree = "<group>"; };
		707826841BBC319000D908BB /* Snowman_02_01.png */ = {isa = PBXFileReference; lastKnownFileType = image.png; path = Snowman_02_01.png; sourceTree = "<group>"; };
		707826851BBC319000D908BB /* Snowman_02_02.png */ = {isa = PBXFileReference; lastKnownFileType = image.png; path = Snowman_02_02.png; sourceTree = "<group>"; };
		707826861BBC319000D908BB /* Snowman_02_03.png */ = {isa = PBXFileReference; lastKnownFileType = image.png; path = Snowman_02_03.png; sourceTree = "<group>"; };
		707826871BBC319000D908BB /* Snowman_02_04.png */ = {isa = PBXFileReference; lastKnownFileType = image.png; path = Snowman_02_04.png; sourceTree = "<group>"; };
		707826881BBC319000D908BB /* Snowman_02_05.png */ = {isa = PBXFileReference; lastKnownFileType = image.png; path = Snowman_02_05.png; sourceTree = "<group>"; };
		707826891BBC319000D908BB /* Snowman_02_06.png */ = {isa = PBXFileReference; lastKnownFileType = image.png; path = Snowman_02_06.png; sourceTree = "<group>"; };
		7078268A1BBC319000D908BB /* Snowman_02_07.png */ = {isa = PBXFileReference; lastKnownFileType = image.png; path = Snowman_02_07.png; sourceTree = "<group>"; };
		7078268B1BBC319000D908BB /* Snowman_03_00.png */ = {isa = PBXFileReference; lastKnownFileType = image.png; path = Snowman_03_00.png; sourceTree = "<group>"; };
		7078268C1BBC319000D908BB /* Snowman_03_01.png */ = {isa = PBXFileReference; lastKnownFileType = image.png; path = Snowman_03_01.png; sourceTree = "<group>"; };
		7078268D1BBC319000D908BB /* Snowman_03_02.png */ = {isa = PBXFileReference; lastKnownFileType = image.png; path = Snowman_03_02.png; sourceTree = "<group>"; };
		7078268E1BBC319000D908BB /* Snowman_03_03.png */ = {isa = PBXFileReference; lastKnownFileType = image.png; path = Snowman_03_03.png; sourceTree = "<group>"; };
		7078268F1BBC319000D908BB /* Snowman_03_04.png */ = {isa = PBXFileReference; lastKnownFileType = image.png; path = Snowman_03_04.png; sourceTree = "<group>"; };
		707826901BBC319000D908BB /* Snowman_03_05.png */ = {isa = PBXFileReference; lastKnownFileType = image.png; path = Snowman_03_05.png; sourceTree = "<group>"; };
		707826911BBC319000D908BB /* Snowman_03_06.png */ = {isa = PBXFileReference; lastKnownFileType = image.png; path = Snowman_03_06.png; sourceTree = "<group>"; };
		707826921BBC319000D908BB /* Snowman_03_07.png */ = {isa = PBXFileReference; lastKnownFileType = image.png; path = Snowman_03_07.png; sourceTree = "<group>"; };
		707826931BBC319000D908BB /* Snowman_04_00.png */ = {isa = PBXFileReference; lastKnownFileType = image.png; path = Snowman_04_00.png; sourceTree = "<group>"; };
		707826941BBC319000D908BB /* Snowman_04_01.png */ = {isa = PBXFileReference; lastKnownFileType = image.png; path = Snowman_04_01.png; sourceTree = "<group>"; };
		707826951BBC319000D908BB /* Snowman_04_02.png */ = {isa = PBXFileReference; lastKnownFileType = image.png; path = Snowman_04_02.png; sourceTree = "<group>"; };
		707826961BBC319000D908BB /* Snowman_04_03.png */ = {isa = PBXFileReference; lastKnownFileType = image.png; path = Snowman_04_03.png; sourceTree = "<group>"; };
		707826971BBC319000D908BB /* Snowman_04_04.png */ = {isa = PBXFileReference; lastKnownFileType = image.png; path = Snowman_04_04.png; sourceTree = "<group>"; };
		707826981BBC319000D908BB /* Snowman_04_05.png */ = {isa = PBXFileReference; lastKnownFileType = image.png; path = Snowman_04_05.png; sourceTree = "<group>"; };
		707826991BBC319000D908BB /* Snowman_04_06.png */ = {isa = PBXFileReference; lastKnownFileType = image.png; path = Snowman_04_06.png; sourceTree = "<group>"; };
		7078269A1BBC319000D908BB /* Snowman_04_07.png */ = {isa = PBXFileReference; lastKnownFileType = image.png; path = Snowman_04_07.png; sourceTree = "<group>"; };
		7078269B1BBC319000D908BB /* Snowman_05_00.png */ = {isa = PBXFileReference; lastKnownFileType = image.png; path = Snowman_05_00.png; sourceTree = "<group>"; };
		7078269C1BBC319000D908BB /* Snowman_05_01.png */ = {isa = PBXFileReference; lastKnownFileType = image.png; path = Snowman_05_01.png; sourceTree = "<group>"; };
		7078269D1BBC319000D908BB /* Snowman_05_02.png */ = {isa = PBXFileReference; lastKnownFileType = image.png; path = Snowman_05_02.png; sourceTree = "<group>"; };
		7078269E1BBC319000D908BB /* Snowman_05_03.png */ = {isa = PBXFileReference; lastKnownFileType = image.png; path = Snowman_05_03.png; sourceTree = "<group>"; };
		7078269F1BBC319000D908BB /* Snowman_05_04.png */ = {isa = PBXFileReference; lastKnownFileType = image.png; path = Snowman_05_04.png; sourceTree = "<group>"; };
		707826A01BBC319000D908BB /* Snowman_05_05.png */ = {isa = PBXFileReference; lastKnownFileType = image.png; path = Snowman_05_05.png; sourceTree = "<group>"; };
		707826A11BBC319000D908BB /* Snowman_05_06.png */ = {isa = PBXFileReference; lastKnownFileType = image.png; path = Snowman_05_06.png; sourceTree = "<group>"; };
		707826A21BBC319000D908BB /* Snowman_05_07.png */ = {isa = PBXFileReference; lastKnownFileType = image.png; path = Snowman_05_07.png; sourceTree = "<group>"; };
		707826A31BBC319000D908BB /* Snowman_06_00.png */ = {isa = PBXFileReference; lastKnownFileType = image.png; path = Snowman_06_00.png; sourceTree = "<group>"; };
		707826A41BBC319000D908BB /* Snowman_06_01.png */ = {isa = PBXFileReference; lastKnownFileType = image.png; path = Snowman_06_01.png; sourceTree = "<group>"; };
		707826A51BBC319000D908BB /* Snowman_06_02.png */ = {isa = PBXFileReference; lastKnownFileType = image.png; path = Snowman_06_02.png; sourceTree = "<group>"; };
		707826A61BBC319000D908BB /* Snowman_06_03.png */ = {isa = PBXFileReference; lastKnownFileType = image.png; path = Snowman_06_03.png; sourceTree = "<group>"; };
		707826A71BBC319000D908BB /* Snowman_06_04.png */ = {isa = PBXFileReference; lastKnownFileType = image.png; path = Snowman_06_04.png; sourceTree = "<group>"; };
		707826A81BBC319000D908BB /* Snowman_06_05.png */ = {isa = PBXFileReference; lastKnownFileType = image.png; path = Snowman_06_05.png; sourceTree = "<group>"; };
		707826A91BBC319000D908BB /* Snowman_06_06.png */ = {isa = PBXFileReference; lastKnownFileType = image.png; path = Snowman_06_06.png; sourceTree = "<group>"; };
		707826AA1BBC319000D908BB /* Snowman_06_07.png */ = {isa = PBXFileReference; lastKnownFileType = image.png; path = Snowman_06_07.png; sourceTree = "<group>"; };
		707826AB1BBC319000D908BB /* Snowman_07_00.png */ = {isa = PBXFileReference; lastKnownFileType = image.png; path = Snowman_07_00.png; sourceTree = "<group>"; };
		707826AC1BBC319000D908BB /* Snowman_07_01.png */ = {isa = PBXFileReference; lastKnownFileType = image.png; path = Snowman_07_01.png; sourceTree = "<group>"; };
		707826AD1BBC319000D908BB /* Snowman_07_02.png */ = {isa = PBXFileReference; lastKnownFileType = image.png; path = Snowman_07_02.png; sourceTree = "<group>"; };
		707826AE1BBC319000D908BB /* Snowman_07_03.png */ = {isa = PBXFileReference; lastKnownFileType = image.png; path = Snowman_07_03.png; sourceTree = "<group>"; };
		707826AF1BBC319000D908BB /* Snowman_07_04.png */ = {isa = PBXFileReference; lastKnownFileType = image.png; path = Snowman_07_04.png; sourceTree = "<group>"; };
		707826B01BBC319000D908BB /* Snowman_07_05.png */ = {isa = PBXFileReference; lastKnownFileType = image.png; path = Snowman_07_05.png; sourceTree = "<group>"; };
		707826B11BBC319000D908BB /* Snowman_07_06.png */ = {isa = PBXFileReference; lastKnownFileType = image.png; path = Snowman_07_06.png; sourceTree = "<group>"; };
		707826B21BBC319000D908BB /* Snowman_07_07.png */ = {isa = PBXFileReference; lastKnownFileType = image.png; path = Snowman_07_07.png; sourceTree = "<group>"; };
		708AD9AB1BBAF1F900C8AFE8 /* CATiledLayer.app */ = {isa = PBXFileReference; explicitFileType = wrapper.application; includeInIndex = 0; path = CATiledLayer.app; sourceTree = BUILT_PRODUCTS_DIR; };
		708AD9AF1BBAF1F900C8AFE8 /* main.m */ = {isa = PBXFileReference; lastKnownFileType = sourcecode.c.objc; path = main.m; sourceTree = "<group>"; };
		708AD9B11BBAF1F900C8AFE8 /* AppDelegate.h */ = {isa = PBXFileReference; lastKnownFileType = sourcecode.c.h; path = AppDelegate.h; sourceTree = "<group>"; };
		708AD9B21BBAF1F900C8AFE8 /* AppDelegate.m */ = {isa = PBXFileReference; lastKnownFileType = sourcecode.c.objc; path = AppDelegate.m; sourceTree = "<group>"; };
		708AD9B41BBAF1F900C8AFE8 /* ViewController.h */ = {isa = PBXFileReference; lastKnownFileType = sourcecode.c.h; path = ViewController.h; sourceTree = "<group>"; };
		708AD9B51BBAF1F900C8AFE8 /* ViewController.m */ = {isa = PBXFileReference; lastKnownFileType = sourcecode.c.objc; path = ViewController.m; sourceTree = "<group>"; };
		708AD9B81BBAF1F900C8AFE8 /* Base */ = {isa = PBXFileReference; lastKnownFileType = file.storyboard; name = Base; path = Base.lproj/Main.storyboard; sourceTree = "<group>"; };
		708AD9BA1BBAF1F900C8AFE8 /* Assets.xcassets */ = {isa = PBXFileReference; lastKnownFileType = folder.assetcatalog; path = Assets.xcassets; sourceTree = "<group>"; };
		708AD9BD1BBAF1F900C8AFE8 /* Base */ = {isa = PBXFileReference; lastKnownFileType = file.storyboard; name = Base; path = Base.lproj/LaunchScreen.storyboard; sourceTree = "<group>"; };
		708AD9BF1BBAF1F900C8AFE8 /* Info.plist */ = {isa = PBXFileReference; lastKnownFileType = text.plist.xml; path = Info.plist; sourceTree = "<group>"; };
/* End PBXFileReference section */

/* Begin PBXFrameworksBuildPhase section */
		708AD9A81BBAF1F900C8AFE8 /* Frameworks */ = {
			isa = PBXFrameworksBuildPhase;
			buildActionMask = 2147483647;
			files = (
			);
			runOnlyForDeploymentPostprocessing = 0;
		};
/* End PBXFrameworksBuildPhase section */

/* Begin PBXGroup section */
		707825CF1BBC2A0B00D908BB /* tiles */ = {
			isa = PBXGroup;
			children = (
				707826731BBC319000D908BB /* Snowman_00_00.png */,
				707826741BBC319000D908BB /* Snowman_00_01.png */,
				707826751BBC319000D908BB /* Snowman_00_02.png */,
				707826761BBC319000D908BB /* Snowman_00_03.png */,
				707826771BBC319000D908BB /* Snowman_00_04.png */,
				707826781BBC319000D908BB /* Snowman_00_05.png */,
				707826791BBC319000D908BB /* Snowman_00_06.png */,
				7078267A1BBC319000D908BB /* Snowman_00_07.png */,
				7078267B1BBC319000D908BB /* Snowman_01_00.png */,
				7078267C1BBC319000D908BB /* Snowman_01_01.png */,
				7078267D1BBC319000D908BB /* Snowman_01_02.png */,
				7078267E1BBC319000D908BB /* Snowman_01_03.png */,
				7078267F1BBC319000D908BB /* Snowman_01_04.png */,
				707826801BBC319000D908BB /* Snowman_01_05.png */,
				707826811BBC319000D908BB /* Snowman_01_06.png */,
				707826821BBC319000D908BB /* Snowman_01_07.png */,
				707826831BBC319000D908BB /* Snowman_02_00.png */,
				707826841BBC319000D908BB /* Snowman_02_01.png */,
				707826851BBC319000D908BB /* Snowman_02_02.png */,
				707826861BBC319000D908BB /* Snowman_02_03.png */,
				707826871BBC319000D908BB /* Snowman_02_04.png */,
				707826881BBC319000D908BB /* Snowman_02_05.png */,
				707826891BBC319000D908BB /* Snowman_02_06.png */,
				7078268A1BBC319000D908BB /* Snowman_02_07.png */,
				7078268B1BBC319000D908BB /* Snowman_03_00.png */,
				7078268C1BBC319000D908BB /* Snowman_03_01.png */,
				7078268D1BBC319000D908BB /* Snowman_03_02.png */,
				7078268E1BBC319000D908BB /* Snowman_03_03.png */,
				7078268F1BBC319000D908BB /* Snowman_03_04.png */,
				707826901BBC319000D908BB /* Snowman_03_05.png */,
				707826911BBC319000D908BB /* Snowman_03_06.png */,
				707826921BBC319000D908BB /* Snowman_03_07.png */,
				707826931BBC319000D908BB /* Snowman_04_00.png */,
				707826941BBC319000D908BB /* Snowman_04_01.png */,
				707826951BBC319000D908BB /* Snowman_04_02.png */,
				707826961BBC319000D908BB /* Snowman_04_03.png */,
				707826971BBC319000D908BB /* Snowman_04_04.png */,
				707826981BBC319000D908BB /* Snowman_04_05.png */,
				707826991BBC319000D908BB /* Snowman_04_06.png */,
				7078269A1BBC319000D908BB /* Snowman_04_07.png */,
				7078269B1BBC319000D908BB /* Snowman_05_00.png */,
				7078269C1BBC319000D908BB /* Snowman_05_01.png */,
				7078269D1BBC319000D908BB /* Snowman_05_02.png */,
				7078269E1BBC319000D908BB /* Snowman_05_03.png */,
				7078269F1BBC319000D908BB /* Snowman_05_04.png */,
				707826A01BBC319000D908BB /* Snowman_05_05.png */,
				707826A11BBC319000D908BB /* Snowman_05_06.png */,
				707826A21BBC319000D908BB /* Snowman_05_07.png */,
				707826A31BBC319000D908BB /* Snowman_06_00.png */,
				707826A41BBC319000D908BB /* Snowman_06_01.png */,
				707826A51BBC319000D908BB /* Snowman_06_02.png */,
				707826A61BBC319000D908BB /* Snowman_06_03.png */,
				707826A71BBC319000D908BB /* Snowman_06_04.png */,
				707826A81BBC319000D908BB /* Snowman_06_05.png */,
				707826A91BBC319000D908BB /* Snowman_06_06.png */,
				707826AA1BBC319000D908BB /* Snowman_06_07.png */,
				707826AB1BBC319000D908BB /* Snowman_07_00.png */,
				707826AC1BBC319000D908BB /* Snowman_07_01.png */,
				707826AD1BBC319000D908BB /* Snowman_07_02.png */,
				707826AE1BBC319000D908BB /* Snowman_07_03.png */,
				707826AF1BBC319000D908BB /* Snowman_07_04.png */,
				707826B01BBC319000D908BB /* Snowman_07_05.png */,
				707826B11BBC319000D908BB /* Snowman_07_06.png */,
				707826B21BBC319000D908BB /* Snowman_07_07.png */,
			);
			path = tiles;
			sourceTree = "<group>";
		};
		708AD9A21BBAF1F900C8AFE8 = {
			isa = PBXGroup;
			children = (
				708AD9AD1BBAF1F900C8AFE8 /* CATiledLayer */,
				708AD9AC1BBAF1F900C8AFE8 /* Products */,
			);
			sourceTree = "<group>";
		};
		708AD9AC1BBAF1F900C8AFE8 /* Products */ = {
			isa = PBXGroup;
			children = (
				708AD9AB1BBAF1F900C8AFE8 /* CATiledLayer.app */,
			);
			name = Products;
			sourceTree = "<group>";
		};
		708AD9AD1BBAF1F900C8AFE8 /* CATiledLayer */ = {
			isa = PBXGroup;
			children = (
				707825CF1BBC2A0B00D908BB /* tiles */,
				708AD9B11BBAF1F900C8AFE8 /* AppDelegate.h */,
				708AD9B21BBAF1F900C8AFE8 /* AppDelegate.m */,
				708AD9B41BBAF1F900C8AFE8 /* ViewController.h */,
				708AD9B51BBAF1F900C8AFE8 /* ViewController.m */,
				708AD9B71BBAF1F900C8AFE8 /* Main.storyboard */,
				708AD9BA1BBAF1F900C8AFE8 /* Assets.xcassets */,
				708AD9BC1BBAF1F900C8AFE8 /* LaunchScreen.storyboard */,
				708AD9BF1BBAF1F900C8AFE8 /* Info.plist */,
				708AD9AE1BBAF1F900C8AFE8 /* Supporting Files */,
			);
			path = CATiledLayer;
			sourceTree = "<group>";
		};
		708AD9AE1BBAF1F900C8AFE8 /* Supporting Files */ = {
			isa = PBXGroup;
			children = (
				708AD9AF1BBAF1F900C8AFE8 /* main.m */,
			);
			name = "Supporting Files";
			sourceTree = "<group>";
		};
/* End PBXGroup section */

/* Begin PBXNativeTarget section */
		708AD9AA1BBAF1F900C8AFE8 /* CATiledLayer */ = {
			isa = PBXNativeTarget;
			buildConfigurationList = 708AD9C21BBAF1F900C8AFE8 /* Build configuration list for PBXNativeTarget "CATiledLayer" */;
			buildPhases = (
				708AD9A71BBAF1F900C8AFE8 /* Sources */,
				708AD9A81BBAF1F900C8AFE8 /* Frameworks */,
				708AD9A91BBAF1F900C8AFE8 /* Resources */,
			);
			buildRules = (
			);
			dependencies = (
			);
			name = CATiledLayer;
			productName = CATiledLayer;
			productReference = 708AD9AB1BBAF1F900C8AFE8 /* CATiledLayer.app */;
			productType = "com.apple.product-type.application";
		};
/* End PBXNativeTarget section */

/* Begin PBXProject section */
		708AD9A31BBAF1F900C8AFE8 /* Project object */ = {
			isa = PBXProject;
			attributes = {
				LastUpgradeCheck = 0700;
				ORGANIZATIONNAME = "微信:  lzwjava";
				TargetAttributes = {
					708AD9AA1BBAF1F900C8AFE8 = {
						CreatedOnToolsVersion = 7.0;
					};
				};
			};
			buildConfigurationList = 708AD9A61BBAF1F900C8AFE8 /* Build configuration list for PBXProject "CATiledLayer" */;
			compatibilityVersion = "Xcode 3.2";
			developmentRegion = English;
			hasScannedForEncodings = 0;
			knownRegions = (
				en,
				Base,
			);
			mainGroup = 708AD9A21BBAF1F900C8AFE8;
			productRefGroup = 708AD9AC1BBAF1F900C8AFE8 /* Products */;
			projectDirPath = "";
			projectRoot = "";
			targets = (
				708AD9AA1BBAF1F900C8AFE8 /* CATiledLayer */,
			);
		};
/* End PBXProject section */

/* Begin PBXResourcesBuildPhase section */
		708AD9A91BBAF1F900C8AFE8 /* Resources */ = {
			isa = PBXResourcesBuildPhase;
			buildActionMask = 2147483647;
			files = (
				707826DA1BBC319000D908BB /* Snowman_04_07.png in Resources */,
				707826B41BBC319000D908BB /* Snowman_00_01.png in Resources */,
				707826EE1BBC319000D908BB /* Snowman_07_03.png in Resources */,
				707826C91BBC319000D908BB /* Snowman_02_06.png in Resources */,
				707826DB1BBC319000D908BB /* Snowman_05_00.png in Resources */,
				708AD9BE1BBAF1F900C8AFE8 /* LaunchScreen.storyboard in Resources */,
				707826BD1BBC319000D908BB /* Snowman_01_02.png in Resources */,
				707826D91BBC319000D908BB /* Snowman_04_06.png in Resources */,
				707826C11BBC319000D908BB /* Snowman_01_06.png in Resources */,
				707826F11BBC319000D908BB /* Snowman_07_06.png in Resources */,
				707826CB1BBC319000D908BB /* Snowman_03_00.png in Resources */,
				707826B71BBC319000D908BB /* Snowman_00_04.png in Resources */,
				707826D01BBC319000D908BB /* Snowman_03_05.png in Resources */,
				707826CE1BBC319000D908BB /* Snowman_03_03.png in Resources */,
				707826D51BBC319000D908BB /* Snowman_04_02.png in Resources */,
				707826F01BBC319000D908BB /* Snowman_07_05.png in Resources */,
				707826C51BBC319000D908BB /* Snowman_02_02.png in Resources */,
				707826D81BBC319000D908BB /* Snowman_04_05.png in Resources */,
				707826EB1BBC319000D908BB /* Snowman_07_00.png in Resources */,
				707826C01BBC319000D908BB /* Snowman_01_05.png in Resources */,
				707826C21BBC319000D908BB /* Snowman_01_07.png in Resources */,
				707826DC1BBC319000D908BB /* Snowman_05_01.png in Resources */,
				707826EC1BBC319000D908BB /* Snowman_07_01.png in Resources */,
				707826E11BBC319000D908BB /* Snowman_05_06.png in Resources */,
				707826D61BBC319000D908BB /* Snowman_04_03.png in Resources */,
				707826CF1BBC319000D908BB /* Snowman_03_04.png in Resources */,
				708AD9BB1BBAF1F900C8AFE8 /* Assets.xcassets in Resources */,
				707826CA1BBC319000D908BB /* Snowman_02_07.png in Resources */,
				707826B91BBC319000D908BB /* Snowman_00_06.png in Resources */,
				707826DE1BBC319000D908BB /* Snowman_05_03.png in Resources */,
				707826BA1BBC319000D908BB /* Snowman_00_07.png in Resources */,
				707826BB1BBC319000D908BB /* Snowman_01_00.png in Resources */,
				707826D11BBC319000D908BB /* Snowman_03_06.png in Resources */,
				707826B51BBC319000D908BB /* Snowman_00_02.png in Resources */,
				707826BC1BBC319000D908BB /* Snowman_01_01.png in Resources */,
				707826E41BBC319000D908BB /* Snowman_06_01.png in Resources */,
				707826F21BBC319000D908BB /* Snowman_07_07.png in Resources */,
				707826D21BBC319000D908BB /* Snowman_03_07.png in Resources */,
				707826C41BBC319000D908BB /* Snowman_02_01.png in Resources */,
				707826E81BBC319000D908BB /* Snowman_06_05.png in Resources */,
				707826D71BBC319000D908BB /* Snowman_04_04.png in Resources */,
				707826E31BBC319000D908BB /* Snowman_06_00.png in Resources */,
				707826D31BBC319000D908BB /* Snowman_04_00.png in Resources */,
				707826ED1BBC319000D908BB /* Snowman_07_02.png in Resources */,
				707826BE1BBC319000D908BB /* Snowman_01_03.png in Resources */,
				707826B31BBC319000D908BB /* Snowman_00_00.png in Resources */,
				707826EA1BBC319000D908BB /* Snowman_06_07.png in Resources */,
				707826B81BBC319000D908BB /* Snowman_00_05.png in Resources */,
				707826CD1BBC319000D908BB /* Snowman_03_02.png in Resources */,
				707826C81BBC319000D908BB /* Snowman_02_05.png in Resources */,
				707826E01BBC319000D908BB /* Snowman_05_05.png in Resources */,
				707826B61BBC319000D908BB /* Snowman_00_03.png in Resources */,
				707826DF1BBC319000D908BB /* Snowman_05_04.png in Resources */,
				707826E61BBC319000D908BB /* Snowman_06_03.png in Resources */,
				707826C61BBC319000D908BB /* Snowman_02_03.png in Resources */,
				707826E21BBC319000D908BB /* Snowman_05_07.png in Resources */,
				707826EF1BBC319000D908BB /* Snowman_07_04.png in Resources */,
				707826E91BBC319000D908BB /* Snowman_06_06.png in Resources */,
				707826BF1BBC319000D908BB /* Snowman_01_04.png in Resources */,
				707826E51BBC319000D908BB /* Snowman_06_02.png in Resources */,
				708AD9B91BBAF1F900C8AFE8 /* Main.storyboard in Resources */,
				707826C31BBC319000D908BB /* Snowman_02_00.png in Resources */,
				707826C71BBC319000D908BB /* Snowman_02_04.png in Resources */,
				707826CC1BBC319000D908BB /* Snowman_03_01.png in Resources */,
				707826D41BBC319000D908BB /* Snowman_04_01.png in Resources */,
				707826DD1BBC319000D908BB /* Snowman_05_02.png in Resources */,
				707826E71BBC319000D908BB /* Snowman_06_04.png in Resources */,
			);
			runOnlyForDeploymentPostprocessing = 0;
		};
/* End PBXResourcesBuildPhase section */

/* Begin PBXSourcesBuildPhase section */
		708AD9A71BBAF1F900C8AFE8 /* Sources */ = {
			isa = PBXSourcesBuildPhase;
			buildActionMask = 2147483647;
			files = (
				708AD9B61BBAF1F900C8AFE8 /* ViewController.m in Sources */,
				708AD9B31BBAF1F900C8AFE8 /* AppDelegate.m in Sources */,
				708AD9B01BBAF1F900C8AFE8 /* main.m in Sources */,
			);
			runOnlyForDeploymentPostprocessing = 0;
		};
/* End PBXSourcesBuildPhase section */

/* Begin PBXVariantGroup section */
		708AD9B71BBAF1F900C8AFE8 /* Main.storyboard */ = {
			isa = PBXVariantGroup;
			children = (
				708AD9B81BBAF1F900C8AFE8 /* Base */,
			);
			name = Main.storyboard;
			sourceTree = "<group>";
		};
		708AD9BC1BBAF1F900C8AFE8 /* LaunchScreen.storyboard */ = {
			isa = PBXVariantGroup;
			children = (
				708AD9BD1BBAF1F900C8AFE8 /* Base */,
			);
			name = LaunchScreen.storyboard;
			sourceTree = "<group>";
		};
/* End PBXVariantGroup section */

/* Begin XCBuildConfiguration section */
		708AD9C01BBAF1F900C8AFE8 /* Debug */ = {
			isa = XCBuildConfiguration;
			buildSettings = {
				ALWAYS_SEARCH_USER_PATHS = NO;
				CLANG_CXX_LANGUAGE_STANDARD = "gnu++0x";
				CLANG_CXX_LIBRARY = "libc++";
				CLANG_ENABLE_MODULES = YES;
				CLANG_ENABLE_OBJC_ARC = YES;
				CLANG_WARN_BOOL_CONVERSION = YES;
				CLANG_WARN_CONSTANT_CONVERSION = YES;
				CLANG_WARN_DIRECT_OBJC_ISA_USAGE = YES_ERROR;
				CLANG_WARN_EMPTY_BODY = YES;
				CLANG_WARN_ENUM_CONVERSION = YES;
				CLANG_WARN_INT_CONVERSION = YES;
				CLANG_WARN_OBJC_ROOT_CLASS = YES_ERROR;
				CLANG_WARN_UNREACHABLE_CODE = YES;
				CLANG_WARN__DUPLICATE_METHOD_MATCH = YES;
				"CODE_SIGN_IDENTITY[sdk=iphoneos*]" = "iPhone Developer";
				COPY_PHASE_STRIP = NO;
				DEBUG_INFORMATION_FORMAT = dwarf;
				ENABLE_STRICT_OBJC_MSGSEND = YES;
				ENABLE_TESTABILITY = YES;
				GCC_C_LANGUAGE_STANDARD = gnu99;
				GCC_DYNAMIC_NO_PIC = NO;
				GCC_NO_COMMON_BLOCKS = YES;
				GCC_OPTIMIZATION_LEVEL = 0;
				GCC_PREPROCESSOR_DEFINITIONS = (
					"DEBUG=1",
					"$(inherited)",
				);
				GCC_WARN_64_TO_32_BIT_CONVERSION = YES;
				GCC_WARN_ABOUT_RETURN_TYPE = YES_ERROR;
				GCC_WARN_UNDECLARED_SELECTOR = YES;
				GCC_WARN_UNINITIALIZED_AUTOS = YES_AGGRESSIVE;
				GCC_WARN_UNUSED_FUNCTION = YES;
				GCC_WARN_UNUSED_VARIABLE = YES;
				IPHONEOS_DEPLOYMENT_TARGET = 9.0;
				MTL_ENABLE_DEBUG_INFO = YES;
				ONLY_ACTIVE_ARCH = YES;
				SDKROOT = iphoneos;
			};
			name = Debug;
		};
		708AD9C11BBAF1F900C8AFE8 /* Release */ = {
			isa = XCBuildConfiguration;
			buildSettings = {
				ALWAYS_SEARCH_USER_PATHS = NO;
				CLANG_CXX_LANGUAGE_STANDARD = "gnu++0x";
				CLANG_CXX_LIBRARY = "libc++";
				CLANG_ENABLE_MODULES = YES;
				CLANG_ENABLE_OBJC_ARC = YES;
				CLANG_WARN_BOOL_CONVERSION = YES;
				CLANG_WARN_CONSTANT_CONVERSION = YES;
				CLANG_WARN_DIRECT_OBJC_ISA_USAGE = YES_ERROR;
				CLANG_WARN_EMPTY_BODY = YES;
				CLANG_WARN_ENUM_CONVERSION = YES;
				CLANG_WARN_INT_CONVERSION = YES;
				CLANG_WARN_OBJC_ROOT_CLASS = YES_ERROR;
				CLANG_WARN_UNREACHABLE_CODE = YES;
				CLANG_WARN__DUPLICATE_METHOD_MATCH = YES;
				"CODE_SIGN_IDENTITY[sdk=iphoneos*]" = "iPhone Developer";
				COPY_PHASE_STRIP = NO;
				DEBUG_INFORMATION_FORMAT = "dwarf-with-dsym";
				ENABLE_NS_ASSERTIONS = NO;
				ENABLE_STRICT_OBJC_MSGSEND = YES;
				GCC_C_LANGUAGE_STANDARD = gnu99;
				GCC_NO_COMMON_BLOCKS = YES;
				GCC_WARN_64_TO_32_BIT_CONVERSION = YES;
				GCC_WARN_ABOUT_RETURN_TYPE = YES_ERROR;
				GCC_WARN_UNDECLARED_SELECTOR = YES;
				GCC_WARN_UNINITIALIZED_AUTOS = YES_AGGRESSIVE;
				GCC_WARN_UNUSED_FUNCTION = YES;
				GCC_WARN_UNUSED_VARIABLE = YES;
				IPHONEOS_DEPLOYMENT_TARGET = 9.0;
				MTL_ENABLE_DEBUG_INFO = NO;
				SDKROOT = iphoneos;
				VALIDATE_PRODUCT = YES;
			};
			name = Release;
		};
		708AD9C31BBAF1F900C8AFE8 /* Debug */ = {
			isa = XCBuildConfiguration;
			buildSettings = {
				ASSETCATALOG_COMPILER_APPICON_NAME = AppIcon;
				INFOPLIST_FILE = CATiledLayer/Info.plist;
				IPHONEOS_DEPLOYMENT_TARGET = 8.0;
				LD_RUNPATH_SEARCH_PATHS = "$(inherited) @executable_path/Frameworks";
				PRODUCT_BUNDLE_IDENTIFIER = com.lzwjava.CATiledLayer;
				PRODUCT_NAME = "$(TARGET_NAME)";
			};
			name = Debug;
		};
		708AD9C41BBAF1F900C8AFE8 /* Release */ = {
			isa = XCBuildConfiguration;
			buildSettings = {
				ASSETCATALOG_COMPILER_APPICON_NAME = AppIcon;
				INFOPLIST_FILE = CATiledLayer/Info.plist;
				IPHONEOS_DEPLOYMENT_TARGET = 8.0;
				LD_RUNPATH_SEARCH_PATHS = "$(inherited) @executable_path/Frameworks";
				PRODUCT_BUNDLE_IDENTIFIER = com.lzwjava.CATiledLayer;
				PRODUCT_NAME = "$(TARGET_NAME)";
			};
			name = Release;
		};
/* End XCBuildConfiguration section */

/* Begin XCConfigurationList section */
		708AD9A61BBAF1F900C8AFE8 /* Build configuration list for PBXProject "CATiledLayer" */ = {
			isa = XCConfigurationList;
			buildConfigurations = (
				708AD9C01BBAF1F900C8AFE8 /* Debug */,
				708AD9C11BBAF1F900C8AFE8 /* Release */,
			);
			defaultConfigurationIsVisible = 0;
			defaultConfigurationName = Release;
		};
		708AD9C21BBAF1F900C8AFE8 /* Build configuration list for PBXNativeTarget "CATiledLayer" */ = {
			isa = XCConfigurationList;
			buildConfigurations = (
				708AD9C31BBAF1F900C8AFE8 /* Debug */,
				708AD9C41BBAF1F900C8AFE8 /* Release */,
			);
			defaultConfigurationIsVisible = 0;
			defaultConfigurationName = Release;
		};
/* End XCConfigurationList section */
	};
	rootObject = 708AD9A31BBAF1F900C8AFE8 /* Project object */;
}
