// !$*UTF8*$!
{
	archiveVersion = 1;
	classes = {
	};
	objectVersion = 46;
	objects = {

/* Begin PBXBuildFile section */
		703EDAE11BB4659600F06757 /* main.m in Sources */ = {isa = PBXBuildFile; fileRef = 703EDAE01BB4659600F06757 /* main.m */; };
		703EDAE41BB4659600F06757 /* AppDelegate.m in Sources */ = {isa = PBXBuildFile; fileRef = 703EDAE31BB4659600F06757 /* AppDelegate.m */; };
		703EDAE71BB4659600F06757 /* ViewController.m in Sources */ = {isa = PBXBuildFile; fileRef = 703EDAE61BB4659600F06757 /* ViewController.m */; };
		703EDAEA1BB4659600F06757 /* Main.storyboard in Resources */ = {isa = PBXBuildFile; fileRef = 703EDAE81BB4659600F06757 /* Main.storyboard */; };
		703EDAEC1BB4659600F06757 /* Assets.xcassets in Resources */ = {isa = PBXBuildFile; fileRef = 703EDAEB1BB4659600F06757 /* Assets.xcassets */; };
		703EDAEF1BB4659600F06757 /* LaunchScreen.storyboard in Resources */ = {isa = PBXBuildFile; fileRef = 703EDAED1BB4659600F06757 /* LaunchScreen.storyboard */; };
/* End PBXBuildFile section */

/* Begin PBXFileReference section */
		703EDADC1BB4659600F06757 /* OppositeRoationAroundY.app */ = {isa = PBXFileReference; explicitFileType = wrapper.application; includeInIndex = 0; path = OppositeRoationAroundY.app; sourceTree = BUILT_PRODUCTS_DIR; };
		703EDAE01BB4659600F06757 /* main.m */ = {isa = PBXFileReference; lastKnownFileType = sourcecode.c.objc; path = main.m; sourceTree = "<group>"; };
		703EDAE21BB4659600F06757 /* AppDelegate.h */ = {isa = PBXFileReference; lastKnownFileType = sourcecode.c.h; path = AppDelegate.h; sourceTree = "<group>"; };
		703EDAE31BB4659600F06757 /* AppDelegate.m */ = {isa = PBXFileReference; lastKnownFileType = sourcecode.c.objc; path = AppDelegate.m; sourceTree = "<group>"; };
		703EDAE51BB4659600F06757 /* ViewController.h */ = {isa = PBXFileReference; lastKnownFileType = sourcecode.c.h; path = ViewController.h; sourceTree = "<group>"; };
		703EDAE61BB4659600F06757 /* ViewController.m */ = {isa = PBXFileReference; lastKnownFileType = sourcecode.c.objc; path = ViewController.m; sourceTree = "<group>"; };
		703EDAE91BB4659600F06757 /* Base */ = {isa = PBXFileReference; lastKnownFileType = file.storyboard; name = Base; path = Base.lproj/Main.storyboard; sourceTree = "<group>"; };
		703EDAEB1BB4659600F06757 /* Assets.xcassets */ = {isa = PBXFileReference; lastKnownFileType = folder.assetcatalog; path = Assets.xcassets; sourceTree = "<group>"; };
		703EDAEE1BB4659600F06757 /* Base */ = {isa = PBXFileReference; lastKnownFileType = file.storyboard; name = Base; path = Base.lproj/LaunchScreen.storyboard; sourceTree = "<group>"; };
		703EDAF01BB4659600F06757 /* Info.plist */ = {isa = PBXFileReference; lastKnownFileType = text.plist.xml; path = Info.plist; sourceTree = "<group>"; };
/* End PBXFileReference section */

/* Begin PBXFrameworksBuildPhase section */
		703EDAD91BB4659600F06757 /* Frameworks */ = {
			isa = PBXFrameworksBuildPhase;
			buildActionMask = 2147483647;
			files = (
			);
			runOnlyForDeploymentPostprocessing = 0;
		};
/* End PBXFrameworksBuildPhase section */

/* Begin PBXGroup section */
		703EDAD31BB4659600F06757 = {
			isa = PBXGroup;
			children = (
				703EDADE1BB4659600F06757 /* OppositeRoationAroundY */,
				703EDADD1BB4659600F06757 /* Products */,
			);
			sourceTree = "<group>";
		};
		703EDADD1BB4659600F06757 /* Products */ = {
			isa = PBXGroup;
			children = (
				703EDADC1BB4659600F06757 /* OppositeRoationAroundY.app */,
			);
			name = Products;
			sourceTree = "<group>";
		};
		703EDADE1BB4659600F06757 /* OppositeRoationAroundY */ = {
			isa = PBXGroup;
			children = (
				703EDAE21BB4659600F06757 /* AppDelegate.h */,
				703EDAE31BB4659600F06757 /* AppDelegate.m */,
				703EDAE51BB4659600F06757 /* ViewController.h */,
				703EDAE61BB4659600F06757 /* ViewController.m */,
				703EDAE81BB4659600F06757 /* Main.storyboard */,
				703EDAEB1BB4659600F06757 /* Assets.xcassets */,
				703EDAED1BB4659600F06757 /* LaunchScreen.storyboard */,
				703EDAF01BB4659600F06757 /* Info.plist */,
				703EDADF1BB4659600F06757 /* Supporting Files */,
			);
			path = OppositeRoationAroundY;
			sourceTree = "<group>";
		};
		703EDADF1BB4659600F06757 /* Supporting Files */ = {
			isa = PBXGroup;
			children = (
				703EDAE01BB4659600F06757 /* main.m */,
			);
			name = "Supporting Files";
			sourceTree = "<group>";
		};
/* End PBXGroup section */

/* Begin PBXNativeTarget section */
		703EDADB1BB4659600F06757 /* OppositeRoationAroundY */ = {
			isa = PBXNativeTarget;
			buildConfigurationList = 703EDAF31BB4659600F06757 /* Build configuration list for PBXNativeTarget "OppositeRoationAroundY" */;
			buildPhases = (
				703EDAD81BB4659600F06757 /* Sources */,
				703EDAD91BB4659600F06757 /* Frameworks */,
				703EDADA1BB4659600F06757 /* Resources */,
			);
			buildRules = (
			);
			dependencies = (
			);
			name = OppositeRoationAroundY;
			productName = OppositeRoationAroundY;
			productReference = 703EDADC1BB4659600F06757 /* OppositeRoationAroundY.app */;
			productType = "com.apple.product-type.application";
		};
/* End PBXNativeTarget section */

/* Begin PBXProject section */
		703EDAD41BB4659600F06757 /* Project object */ = {
			isa = PBXProject;
			attributes = {
				LastUpgradeCheck = 0700;
				ORGANIZATIONNAME = "微信:  lzwjava";
				TargetAttributes = {
					703EDADB1BB4659600F06757 = {
						CreatedOnToolsVersion = 7.0;
					};
				};
			};
			buildConfigurationList = 703EDAD71BB4659600F06757 /* Build configuration list for PBXProject "OppositeRoationAroundY" */;
			compatibilityVersion = "Xcode 3.2";
			developmentRegion = English;
			hasScannedForEncodings = 0;
			knownRegions = (
				en,
				Base,
			);
			mainGroup = 703EDAD31BB4659600F06757;
			productRefGroup = 703EDADD1BB4659600F06757 /* Products */;
			projectDirPath = "";
			projectRoot = "";
			targets = (
				703EDADB1BB4659600F06757 /* OppositeRoationAroundY */,
			);
		};
/* End PBXProject section */

/* Begin PBXResourcesBuildPhase section */
		703EDADA1BB4659600F06757 /* Resources */ = {
			isa = PBXResourcesBuildPhase;
			buildActionMask = 2147483647;
			files = (
				703EDAEF1BB4659600F06757 /* LaunchScreen.storyboard in Resources */,
				703EDAEC1BB4659600F06757 /* Assets.xcassets in Resources */,
				703EDAEA1BB4659600F06757 /* Main.storyboard in Resources */,
			);
			runOnlyForDeploymentPostprocessing = 0;
		};
/* End PBXResourcesBuildPhase section */

/* Begin PBXSourcesBuildPhase section */
		703EDAD81BB4659600F06757 /* Sources */ = {
			isa = PBXSourcesBuildPhase;
			buildActionMask = 2147483647;
			files = (
				703EDAE71BB4659600F06757 /* ViewController.m in Sources */,
				703EDAE41BB4659600F06757 /* AppDelegate.m in Sources */,
				703EDAE11BB4659600F06757 /* main.m in Sources */,
			);
			runOnlyForDeploymentPostprocessing = 0;
		};
/* End PBXSourcesBuildPhase section */

/* Begin PBXVariantGroup section */
		703EDAE81BB4659600F06757 /* Main.storyboard */ = {
			isa = PBXVariantGroup;
			children = (
				703EDAE91BB4659600F06757 /* Base */,
			);
			name = Main.storyboard;
			sourceTree = "<group>";
		};
		703EDAED1BB4659600F06757 /* LaunchScreen.storyboard */ = {
			isa = PBXVariantGroup;
			children = (
				703EDAEE1BB4659600F06757 /* Base */,
			);
			name = LaunchScreen.storyboard;
			sourceTree = "<group>";
		};
/* End PBXVariantGroup section */

/* Begin XCBuildConfiguration section */
		703EDAF11BB4659600F06757 /* Debug */ = {
			isa = XCBuildConfiguration;
			buildSettings = {
				ALWAYS_SEARCH_USER_PATHS = NO;
				CLANG_CXX_LANGUAGE_STANDARD = "gnu++0x";
				CLANG_CXX_LIBRARY = "libc++";
				CLANG_ENABLE_MODULES = YES;
				CLANG_ENABLE_OBJC_ARC = YES;
				CLANG_WARN_BOOL_CONVERSION = YES;
				CLANG_WARN_CONSTANT_CONVERSION = YES;
				CLANG_WARN_DIRECT_OBJC_ISA_USAGE = YES_ERROR;
				CLANG_WARN_EMPTY_BODY = YES;
				CLANG_WARN_ENUM_CONVERSION = YES;
				CLANG_WARN_INT_CONVERSION = YES;
				CLANG_WARN_OBJC_ROOT_CLASS = YES_ERROR;
				CLANG_WARN_UNREACHABLE_CODE = YES;
				CLANG_WARN__DUPLICATE_METHOD_MATCH = YES;
				"CODE_SIGN_IDENTITY[sdk=iphoneos*]" = "iPhone Developer";
				COPY_PHASE_STRIP = NO;
				DEBUG_INFORMATION_FORMAT = dwarf;
				ENABLE_STRICT_OBJC_MSGSEND = YES;
				ENABLE_TESTABILITY = YES;
				GCC_C_LANGUAGE_STANDARD = gnu99;
				GCC_DYNAMIC_NO_PIC = NO;
				GCC_NO_COMMON_BLOCKS = YES;
				GCC_OPTIMIZATION_LEVEL = 0;
				GCC_PREPROCESSOR_DEFINITIONS = (
					"DEBUG=1",
					"$(inherited)",
				);
				GCC_WARN_64_TO_32_BIT_CONVERSION = YES;
				GCC_WARN_ABOUT_RETURN_TYPE = YES_ERROR;
				GCC_WARN_UNDECLARED_SELECTOR = YES;
				GCC_WARN_UNINITIALIZED_AUTOS = YES_AGGRESSIVE;
				GCC_WARN_UNUSED_FUNCTION = YES;
				GCC_WARN_UNUSED_VARIABLE = YES;
				IPHONEOS_DEPLOYMENT_TARGET = 9.0;
				MTL_ENABLE_DEBUG_INFO = YES;
				ONLY_ACTIVE_ARCH = YES;
				SDKROOT = iphoneos;
			};
			name = Debug;
		};
		703EDAF21BB4659600F06757 /* Release */ = {
			isa = XCBuildConfiguration;
			buildSettings = {
				ALWAYS_SEARCH_USER_PATHS = NO;
				CLANG_CXX_LANGUAGE_STANDARD = "gnu++0x";
				CLANG_CXX_LIBRARY = "libc++";
				CLANG_ENABLE_MODULES = YES;
				CLANG_ENABLE_OBJC_ARC = YES;
				CLANG_WARN_BOOL_CONVERSION = YES;
				CLANG_WARN_CONSTANT_CONVERSION = YES;
				CLANG_WARN_DIRECT_OBJC_ISA_USAGE = YES_ERROR;
				CLANG_WARN_EMPTY_BODY = YES;
				CLANG_WARN_ENUM_CONVERSION = YES;
				CLANG_WARN_INT_CONVERSION = YES;
				CLANG_WARN_OBJC_ROOT_CLASS = YES_ERROR;
				CLANG_WARN_UNREACHABLE_CODE = YES;
				CLANG_WARN__DUPLICATE_METHOD_MATCH = YES;
				"CODE_SIGN_IDENTITY[sdk=iphoneos*]" = "iPhone Developer";
				COPY_PHASE_STRIP = NO;
				DEBUG_INFORMATION_FORMAT = "dwarf-with-dsym";
				ENABLE_NS_ASSERTIONS = NO;
				ENABLE_STRICT_OBJC_MSGSEND = YES;
				GCC_C_LANGUAGE_STANDARD = gnu99;
				GCC_NO_COMMON_BLOCKS = YES;
				GCC_WARN_64_TO_32_BIT_CONVERSION = YES;
				GCC_WARN_ABOUT_RETURN_TYPE = YES_ERROR;
				GCC_WARN_UNDECLARED_SELECTOR = YES;
				GCC_WARN_UNINITIALIZED_AUTOS = YES_AGGRESSIVE;
				GCC_WARN_UNUSED_FUNCTION = YES;
				GCC_WARN_UNUSED_VARIABLE = YES;
				IPHONEOS_DEPLOYMENT_TARGET = 9.0;
				MTL_ENABLE_DEBUG_INFO = NO;
				SDKROOT = iphoneos;
				VALIDATE_PRODUCT = YES;
			};
			name = Release;
		};
		703EDAF41BB4659600F06757 /* Debug */ = {
			isa = XCBuildConfiguration;
			buildSettings = {
				ASSETCATALOG_COMPILER_APPICON_NAME = AppIcon;
				INFOPLIST_FILE = OppositeRoationAroundY/Info.plist;
				IPHONEOS_DEPLOYMENT_TARGET = 8.0;
				LD_RUNPATH_SEARCH_PATHS = "$(inherited) @executable_path/Frameworks";
				PRODUCT_BUNDLE_IDENTIFIER = com.lzwjava.OppositeRoationAroundY;
				PRODUCT_NAME = "$(TARGET_NAME)";
			};
			name = Debug;
		};
		703EDAF51BB4659600F06757 /* Release */ = {
			isa = XCBuildConfiguration;
			buildSettings = {
				ASSETCATALOG_COMPILER_APPICON_NAME = AppIcon;
				INFOPLIST_FILE = OppositeRoationAroundY/Info.plist;
				IPHONEOS_DEPLOYMENT_TARGET = 8.0;
				LD_RUNPATH_SEARCH_PATHS = "$(inherited) @executable_path/Frameworks";
				PRODUCT_BUNDLE_IDENTIFIER = com.lzwjava.OppositeRoationAroundY;
				PRODUCT_NAME = "$(TARGET_NAME)";
			};
			name = Release;
		};
/* End XCBuildConfiguration section */

/* Begin XCConfigurationList section */
		703EDAD71BB4659600F06757 /* Build configuration list for PBXProject "OppositeRoationAroundY" */ = {
			isa = XCConfigurationList;
			buildConfigurations = (
				703EDAF11BB4659600F06757 /* Debug */,
				703EDAF21BB4659600F06757 /* Release */,
			);
			defaultConfigurationIsVisible = 0;
			defaultConfigurationName = Release;
		};
		703EDAF31BB4659600F06757 /* Build configuration list for PBXNativeTarget "OppositeRoationAroundY" */ = {
			isa = XCConfigurationList;
			buildConfigurations = (
				703EDAF41BB4659600F06757 /* Debug */,
				703EDAF51BB4659600F06757 /* Release */,
			);
			defaultConfigurationIsVisible = 0;
			defaultConfigurationName = Release;
		};
/* End XCConfigurationList section */
	};
	rootObject = 703EDAD41BB4659600F06757 /* Project object */;
}
